
Microsoft Visual Studio Solution File, Format Version 12.00
# Visual Studio 14
VisualStudioVersion = 14.0.25420.1
MinimumVisualStudioVersion = 10.0.40219.1
Project("{F184B08F-C81C-45F6-A57F-5ABD9991F28F}") = "PDLSTS_Sample_VB", "PDLSTS_Sample_VB\PDLSTS_Sample_VB.vbproj", "{2FE879FE-B6E8-41E4-9E5B-78DC1249DC33}"
EndProject
Project("{FAE04EC0-301F-11D3-BF4B-00C04F79EFBC}") = "PDLSTS_Sample_CS", "PDLSTS_Sample_CS\PDLSTS_Sample_CS.csproj", "{ED0A54D4-6BDE-4571-BFAD-526E43AFD57E}"
EndProject
Project("{8BC9CEB8-8B4A-11D0-8D11-00A0C91BC942}") = "PDLSTS_Sample_CPP", "PDLSTS_Sample_CPP\PDLSTS_Sample_CPP.vcxproj", "{9696B190-8A31-45BA-A43E-0287102EF438}"
EndProject
Project("{8BC9CEB8-8B4A-11D0-8D11-00A0C91BC942}") = "PDLSTS_Sample_MFC", "PDLSTS_Sample_MFC\PDLSTS_Sample_MFC.vcxproj", "{B2A5A438-9B6D-46BF-B8F1-065CC5137E32}"
EndProject
Global
	GlobalSection(SolutionConfigurationPlatforms) = preSolution
		Debug|Any CPU = Debug|Any CPU
		Debug|x64 = Debug|x64
		Debug|x86 = Debug|x86
		Release|Any CPU = Release|Any CPU
		Release|x64 = Release|x64
		Release|x86 = Release|x86
	EndGlobalSection
	GlobalSection(ProjectConfigurationPlatforms) = postSolution
		{2FE879FE-B6E8-41E4-9E5B-78DC1249DC33}.Debug|Any CPU.ActiveCfg = Debug|x86
		{2FE879FE-B6E8-41E4-9E5B-78DC1249DC33}.Debug|Any CPU.Build.0 = Debug|x86
		{2FE879FE-B6E8-41E4-9E5B-78DC1249DC33}.Debug|x64.ActiveCfg = Debug|Any CPU
		{2FE879FE-B6E8-41E4-9E5B-78DC1249DC33}.Debug|x64.Build.0 = Debug|Any CPU
		{2FE879FE-B6E8-41E4-9E5B-78DC1249DC33}.Debug|x86.ActiveCfg = Debug|x86
		{2FE879FE-B6E8-41E4-9E5B-78DC1249DC33}.Debug|x86.Build.0 = Debug|x86
		{2FE879FE-B6E8-41E4-9E5B-78DC1249DC33}.Release|Any CPU.ActiveCfg = Release|Any CPU
		{2FE879FE-B6E8-41E4-9E5B-78DC1249DC33}.Release|Any CPU.Build.0 = Release|Any CPU
		{2FE879FE-B6E8-41E4-9E5B-78DC1249DC33}.Release|x64.ActiveCfg = Release|Any CPU
		{2FE879FE-B6E8-41E4-9E5B-78DC1249DC33}.Release|x64.Build.0 = Release|Any CPU
		{2FE879FE-B6E8-41E4-9E5B-78DC1249DC33}.Release|x86.ActiveCfg = Release|x86
		{2FE879FE-B6E8-41E4-9E5B-78DC1249DC33}.Release|x86.Build.0 = Release|x86
		{ED0A54D4-6BDE-4571-BFAD-526E43AFD57E}.Debug|Any CPU.ActiveCfg = Debug|Any CPU
		{ED0A54D4-6BDE-4571-BFAD-526E43AFD57E}.Debug|Any CPU.Build.0 = Debug|Any CPU
		{ED0A54D4-6BDE-4571-BFAD-526E43AFD57E}.Debug|x64.ActiveCfg = Debug|Any CPU
		{ED0A54D4-6BDE-4571-BFAD-526E43AFD57E}.Debug|x64.Build.0 = Debug|Any CPU
		{ED0A54D4-6BDE-4571-BFAD-526E43AFD57E}.Debug|x86.ActiveCfg = Debug|Any CPU
		{ED0A54D4-6BDE-4571-BFAD-526E43AFD57E}.Debug|x86.Build.0 = Debug|Any CPU
		{ED0A54D4-6BDE-4571-BFAD-526E43AFD57E}.Release|Any CPU.ActiveCfg = Release|Any CPU
		{ED0A54D4-6BDE-4571-BFAD-526E43AFD57E}.Release|Any CPU.Build.0 = Release|Any CPU
		{ED0A54D4-6BDE-4571-BFAD-526E43AFD57E}.Release|x64.ActiveCfg = Release|Any CPU
		{ED0A54D4-6BDE-4571-BFAD-526E43AFD57E}.Release|x64.Build.0 = Release|Any CPU
		{ED0A54D4-6BDE-4571-BFAD-526E43AFD57E}.Release|x86.ActiveCfg = Release|Any CPU
		{ED0A54D4-6BDE-4571-BFAD-526E43AFD57E}.Release|x86.Build.0 = Release|Any CPU
		{9696B190-8A31-45BA-A43E-0287102EF438}.Debug|Any CPU.ActiveCfg = Debug|Win32
		{9696B190-8A31-45BA-A43E-0287102EF438}.Debug|x64.ActiveCfg = Debug|x64
		{9696B190-8A31-45BA-A43E-0287102EF438}.Debug|x64.Build.0 = Debug|x64
		{9696B190-8A31-45BA-A43E-0287102EF438}.Debug|x86.ActiveCfg = Debug|Win32
		{9696B190-8A31-45BA-A43E-0287102EF438}.Debug|x86.Build.0 = Debug|Win32
		{9696B190-8A31-45BA-A43E-0287102EF438}.Release|Any CPU.ActiveCfg = Release|Win32
		{9696B190-8A31-45BA-A43E-0287102EF438}.Release|x64.ActiveCfg = Release|x64
		{9696B190-8A31-45BA-A43E-0287102EF438}.Release|x64.Build.0 = Release|x64
		{9696B190-8A31-45BA-A43E-0287102EF438}.Release|x86.ActiveCfg = Release|Win32
		{9696B190-8A31-45BA-A43E-0287102EF438}.Release|x86.Build.0 = Release|Win32
		{B2A5A438-9B6D-46BF-B8F1-065CC5137E32}.Debug|Any CPU.ActiveCfg = Debug|Win32
		{B2A5A438-9B6D-46BF-B8F1-065CC5137E32}.Debug|x64.ActiveCfg = Debug|x64
		{B2A5A438-9B6D-46BF-B8F1-065CC5137E32}.Debug|x64.Build.0 = Debug|x64
		{B2A5A438-9B6D-46BF-B8F1-065CC5137E32}.Debug|x86.ActiveCfg = Debug|Win32
		{B2A5A438-9B6D-46BF-B8F1-065CC5137E32}.Debug|x86.Build.0 = Debug|Win32
		{B2A5A438-9B6D-46BF-B8F1-065CC5137E32}.Release|Any CPU.ActiveCfg = Release|Win32
		{B2A5A438-9B6D-46BF-B8F1-065CC5137E32}.Release|x64.ActiveCfg = Release|x64
		{B2A5A438-9B6D-46BF-B8F1-065CC5137E32}.Release|x64.Build.0 = Release|x64
		{B2A5A438-9B6D-46BF-B8F1-065CC5137E32}.Release|x86.ActiveCfg = Release|Win32
		{B2A5A438-9B6D-46BF-B8F1-065CC5137E32}.Release|x86.Build.0 = Release|Win32
	EndGlobalSection
	GlobalSection(SolutionProperties) = preSolution
		HideSolutionNode = FALSE
	EndGlobalSection
EndGlobal
